
Microsoft Visual Studio Solution File, Format Version 12.00
# Visual Studio 15
VisualStudioVersion = 15.0.27004.2002
MinimumVisualStudioVersion = 10.0.40219.1
Project("{FAE04EC0-301F-11D3-BF4B-00C04F79EFBC}") = "ficherosbinarios", "ficherosbinarios\ficherosbinarios.csproj", "{DBD4279F-4F96-4E2D-A6A8-FCA4228DAB97}"
EndProject
Global
	GlobalSection(SolutionConfigurationPlatforms) = preSolution
		Debug|Any CPU = Debug|Any CPU
		Release|Any CPU = Release|Any CPU
	EndGlobalSection
	GlobalSection(ProjectConfigurationPlatforms) = postSolution
		{DBD4279F-4F96-4E2D-A6A8-FCA4228DAB97}.Debug|Any CPU.ActiveCfg = Debug|Any CPU
		{DBD4279F-4F96-4E2D-A6A8-FCA4228DAB97}.Debug|Any CPU.Build.0 = Debug|Any CPU
		{DBD4279F-4F96-4E2D-A6A8-FCA4228DAB97}.Release|Any CPU.ActiveCfg = Release|Any CPU
		{DBD4279F-4F96-4E2D-A6A8-FCA4228DAB97}.Release|Any CPU.Build.0 = Release|Any CPU
	EndGlobalSection
	GlobalSection(SolutionProperties) = preSolution
		HideSolutionNode = FALSE
	EndGlobalSection
	GlobalSection(ExtensibilityGlobals) = postSolution
		SolutionGuid = {FF0035D4-CCA6-4184-9ED2-75ADE175BF9A}
	EndGlobalSection
EndGlobal
