
Microsoft Visual Studio Solution File, Format Version 12.00
# Visual Studio 15
VisualStudioVersion = 15.0.26730.16
MinimumVisualStudioVersion = 10.0.40219.1
Project("{FAE04EC0-301F-11D3-BF4B-00C04F79EFBC}") = "Longitud", "Longitud\Longitud.csproj", "{80C8460B-959A-4155-A9A0-008117C83E2B}"
EndProject
Global
	GlobalSection(SolutionConfigurationPlatforms) = preSolution
		Debug|Any CPU = Debug|Any CPU
		Release|Any CPU = Release|Any CPU
	EndGlobalSection
	GlobalSection(ProjectConfigurationPlatforms) = postSolution
		{80C8460B-959A-4155-A9A0-008117C83E2B}.Debug|Any CPU.ActiveCfg = Debug|Any CPU
		{80C8460B-959A-4155-A9A0-008117C83E2B}.Debug|Any CPU.Build.0 = Debug|Any CPU
		{80C8460B-959A-4155-A9A0-008117C83E2B}.Release|Any CPU.ActiveCfg = Release|Any CPU
		{80C8460B-959A-4155-A9A0-008117C83E2B}.Release|Any CPU.Build.0 = Release|Any CPU
	EndGlobalSection
	GlobalSection(SolutionProperties) = preSolution
		HideSolutionNode = FALSE
	EndGlobalSection
	GlobalSection(ExtensibilityGlobals) = postSolution
		SolutionGuid = {036E3A24-232C-416B-9146-E138A34E70F8}
	EndGlobalSection
EndGlobal
