
Microsoft Visual Studio Solution File, Format Version 12.00
# Visual Studio 15
VisualStudioVersion = 15.0.26730.16
MinimumVisualStudioVersion = 10.0.40219.1
Project("{FAE04EC0-301F-11D3-BF4B-00C04F79EFBC}") = "structalumnos", "structalumnos\structalumnos.csproj", "{06591F63-0B6A-45F1-A04D-E284898E3251}"
EndProject
Global
	GlobalSection(SolutionConfigurationPlatforms) = preSolution
		Debug|Any CPU = Debug|Any CPU
		Release|Any CPU = Release|Any CPU
	EndGlobalSection
	GlobalSection(ProjectConfigurationPlatforms) = postSolution
		{06591F63-0B6A-45F1-A04D-E284898E3251}.Debug|Any CPU.ActiveCfg = Debug|Any CPU
		{06591F63-0B6A-45F1-A04D-E284898E3251}.Debug|Any CPU.Build.0 = Debug|Any CPU
		{06591F63-0B6A-45F1-A04D-E284898E3251}.Release|Any CPU.ActiveCfg = Release|Any CPU
		{06591F63-0B6A-45F1-A04D-E284898E3251}.Release|Any CPU.Build.0 = Release|Any CPU
	EndGlobalSection
	GlobalSection(SolutionProperties) = preSolution
		HideSolutionNode = FALSE
	EndGlobalSection
	GlobalSection(ExtensibilityGlobals) = postSolution
		SolutionGuid = {57B813BB-9725-472C-A615-F303A03DFBAA}
	EndGlobalSection
EndGlobal
