
Microsoft Visual Studio Solution File, Format Version 12.00
# Visual Studio 15
VisualStudioVersion = 15.0.27004.2002
MinimumVisualStudioVersion = 10.0.40219.1
Project("{FAE04EC0-301F-11D3-BF4B-00C04F79EFBC}") = "ficherosdetexto1daw", "ficherosdetexto1daw\ficherosdetexto1daw.csproj", "{19A447E3-B951-4C1B-8F75-041E6A5A6ED6}"
EndProject
Global
	GlobalSection(SolutionConfigurationPlatforms) = preSolution
		Debug|Any CPU = Debug|Any CPU
		Release|Any CPU = Release|Any CPU
	EndGlobalSection
	GlobalSection(ProjectConfigurationPlatforms) = postSolution
		{19A447E3-B951-4C1B-8F75-041E6A5A6ED6}.Debug|Any CPU.ActiveCfg = Debug|Any CPU
		{19A447E3-B951-4C1B-8F75-041E6A5A6ED6}.Debug|Any CPU.Build.0 = Debug|Any CPU
		{19A447E3-B951-4C1B-8F75-041E6A5A6ED6}.Release|Any CPU.ActiveCfg = Release|Any CPU
		{19A447E3-B951-4C1B-8F75-041E6A5A6ED6}.Release|Any CPU.Build.0 = Release|Any CPU
	EndGlobalSection
	GlobalSection(SolutionProperties) = preSolution
		HideSolutionNode = FALSE
	EndGlobalSection
	GlobalSection(ExtensibilityGlobals) = postSolution
		SolutionGuid = {813E4459-0A51-4B5A-8D05-79189D0E07F9}
	EndGlobalSection
EndGlobal
