
Microsoft Visual Studio Solution File, Format Version 12.00
# Visual Studio 15
VisualStudioVersion = 15.0.26730.16
MinimumVisualStudioVersion = 10.0.40219.1
Project("{FAE04EC0-301F-11D3-BF4B-00C04F79EFBC}") = "Ejercicio3", "Ejercicio3\Ejercicio3.csproj", "{243C9422-E809-4FB0-A11A-9B39A4602142}"
EndProject
Global
	GlobalSection(SolutionConfigurationPlatforms) = preSolution
		Debug|Any CPU = Debug|Any CPU
		Release|Any CPU = Release|Any CPU
	EndGlobalSection
	GlobalSection(ProjectConfigurationPlatforms) = postSolution
		{243C9422-E809-4FB0-A11A-9B39A4602142}.Debug|Any CPU.ActiveCfg = Debug|Any CPU
		{243C9422-E809-4FB0-A11A-9B39A4602142}.Debug|Any CPU.Build.0 = Debug|Any CPU
		{243C9422-E809-4FB0-A11A-9B39A4602142}.Release|Any CPU.ActiveCfg = Release|Any CPU
		{243C9422-E809-4FB0-A11A-9B39A4602142}.Release|Any CPU.Build.0 = Release|Any CPU
	EndGlobalSection
	GlobalSection(SolutionProperties) = preSolution
		HideSolutionNode = FALSE
	EndGlobalSection
	GlobalSection(ExtensibilityGlobals) = postSolution
		SolutionGuid = {A2090CB3-D36A-4F40-B043-AF34C16809B8}
	EndGlobalSection
EndGlobal
