
Microsoft Visual Studio Solution File, Format Version 12.00
# Visual Studio 15
VisualStudioVersion = 15.0.26730.16
MinimumVisualStudioVersion = 10.0.40219.1
Project("{FAE04EC0-301F-11D3-BF4B-00C04F79EFBC}") = "ej5conversorpulgadas", "ej5conversorpulgadas\ej5conversorpulgadas.csproj", "{CE31235C-3CE1-42EE-B43C-02BAA7D4E441}"
EndProject
Global
	GlobalSection(SolutionConfigurationPlatforms) = preSolution
		Debug|Any CPU = Debug|Any CPU
		Release|Any CPU = Release|Any CPU
	EndGlobalSection
	GlobalSection(ProjectConfigurationPlatforms) = postSolution
		{CE31235C-3CE1-42EE-B43C-02BAA7D4E441}.Debug|Any CPU.ActiveCfg = Debug|Any CPU
		{CE31235C-3CE1-42EE-B43C-02BAA7D4E441}.Debug|Any CPU.Build.0 = Debug|Any CPU
		{CE31235C-3CE1-42EE-B43C-02BAA7D4E441}.Release|Any CPU.ActiveCfg = Release|Any CPU
		{CE31235C-3CE1-42EE-B43C-02BAA7D4E441}.Release|Any CPU.Build.0 = Release|Any CPU
	EndGlobalSection
	GlobalSection(SolutionProperties) = preSolution
		HideSolutionNode = FALSE
	EndGlobalSection
	GlobalSection(ExtensibilityGlobals) = postSolution
		SolutionGuid = {9C074F85-E47A-4967-9CD8-489134FB8E8C}
	EndGlobalSection
EndGlobal
