
Microsoft Visual Studio Solution File, Format Version 12.00
# Visual Studio 15
VisualStudioVersion = 15.0.26730.16
MinimumVisualStudioVersion = 10.0.40219.1
Project("{FAE04EC0-301F-11D3-BF4B-00C04F79EFBC}") = "Ejercicio1", "Ejercicio1\Ejercicio1.csproj", "{750FD336-1829-495A-A0E6-8792346FC3FE}"
EndProject
Global
	GlobalSection(SolutionConfigurationPlatforms) = preSolution
		Debug|Any CPU = Debug|Any CPU
		Release|Any CPU = Release|Any CPU
	EndGlobalSection
	GlobalSection(ProjectConfigurationPlatforms) = postSolution
		{750FD336-1829-495A-A0E6-8792346FC3FE}.Debug|Any CPU.ActiveCfg = Debug|Any CPU
		{750FD336-1829-495A-A0E6-8792346FC3FE}.Debug|Any CPU.Build.0 = Debug|Any CPU
		{750FD336-1829-495A-A0E6-8792346FC3FE}.Release|Any CPU.ActiveCfg = Release|Any CPU
		{750FD336-1829-495A-A0E6-8792346FC3FE}.Release|Any CPU.Build.0 = Release|Any CPU
	EndGlobalSection
	GlobalSection(SolutionProperties) = preSolution
		HideSolutionNode = FALSE
	EndGlobalSection
	GlobalSection(ExtensibilityGlobals) = postSolution
		SolutionGuid = {4E27D576-BFBF-4282-B239-17F90F2D366B}
	EndGlobalSection
EndGlobal
